
Microsoft Visual Studio Solution File, Format Version 12.00
# Visual Studio Version 17
VisualStudioVersion = 17.7.34031.279
MinimumVisualStudioVersion = 10.0.40219.1
Project("{FAE04EC0-301F-11D3-BF4B-00C04F79EFBC}") = "PR_17", "PR_17\PR_17.csproj", "{CA213F36-8A8F-4D5B-9BCA-402207ACECC6}"
EndProject
Global
	GlobalSection(SolutionConfigurationPlatforms) = preSolution
		Debug|Any CPU = Debug|Any CPU
		Release|Any CPU = Release|Any CPU
	EndGlobalSection
	GlobalSection(ProjectConfigurationPlatforms) = postSolution
		{CA213F36-8A8F-4D5B-9BCA-402207ACECC6}.Debug|Any CPU.ActiveCfg = Debug|Any CPU
		{CA213F36-8A8F-4D5B-9BCA-402207ACECC6}.Debug|Any CPU.Build.0 = Debug|Any CPU
		{CA213F36-8A8F-4D5B-9BCA-402207ACECC6}.Release|Any CPU.ActiveCfg = Release|Any CPU
		{CA213F36-8A8F-4D5B-9BCA-402207ACECC6}.Release|Any CPU.Build.0 = Release|Any CPU
	EndGlobalSection
	GlobalSection(SolutionProperties) = preSolution
		HideSolutionNode = FALSE
	EndGlobalSection
	GlobalSection(ExtensibilityGlobals) = postSolution
		SolutionGuid = {5534B660-D24E-4B33-B383-15A0A11A6D9F}
	EndGlobalSection
EndGlobal
