
Microsoft Visual Studio Solution File, Format Version 12.00
# Visual Studio Version 17
VisualStudioVersion = 17.5.33414.496
MinimumVisualStudioVersion = 10.0.40219.1
Project("{FAE04EC0-301F-11D3-BF4B-00C04F79EFBC}") = "pr_18", "pr_18.csproj", "{E464899B-3FE1-4ED4-A148-B384CF8E2C85}"
EndProject
Global
	GlobalSection(SolutionConfigurationPlatforms) = preSolution
		Debug|Any CPU = Debug|Any CPU
		Release|Any CPU = Release|Any CPU
	EndGlobalSection
	GlobalSection(ProjectConfigurationPlatforms) = postSolution
		{E464899B-3FE1-4ED4-A148-B384CF8E2C85}.Debug|Any CPU.ActiveCfg = Debug|Any CPU
		{E464899B-3FE1-4ED4-A148-B384CF8E2C85}.Debug|Any CPU.Build.0 = Debug|Any CPU
		{E464899B-3FE1-4ED4-A148-B384CF8E2C85}.Release|Any CPU.ActiveCfg = Release|Any CPU
		{E464899B-3FE1-4ED4-A148-B384CF8E2C85}.Release|Any CPU.Build.0 = Release|Any CPU
	EndGlobalSection
	GlobalSection(SolutionProperties) = preSolution
		HideSolutionNode = FALSE
	EndGlobalSection
	GlobalSection(ExtensibilityGlobals) = postSolution
		SolutionGuid = {5EF0AD94-BF60-48A1-8ADB-46B2443BFF56}
	EndGlobalSection
EndGlobal
